
Microsoft Visual Studio Solution File, Format Version 12.00
Project("{FAE04EC0-301F-11D3-BF4B-00C04F79EFBC}") = "appointment-backend", "appointment-backend.csproj", "{DE1D9823-9DC3-4C9D-8EB4-26C4E2CD628E}"
EndProject
Global
	GlobalSection(SolutionConfigurationPlatforms) = preSolution
		Debug|Any CPU = Debug|Any CPU
		Release|Any CPU = Release|Any CPU
	EndGlobalSection
	GlobalSection(ProjectConfigurationPlatforms) = postSolution
		{DE1D9823-9DC3-4C9D-8EB4-26C4E2CD628E}.Debug|Any CPU.ActiveCfg = Debug|Any CPU
		{DE1D9823-9DC3-4C9D-8EB4-26C4E2CD628E}.Debug|Any CPU.Build.0 = Debug|Any CPU
		{DE1D9823-9DC3-4C9D-8EB4-26C4E2CD628E}.Release|Any CPU.ActiveCfg = Release|Any CPU
		{DE1D9823-9DC3-4C9D-8EB4-26C4E2CD628E}.Release|Any CPU.Build.0 = Release|Any CPU
	EndGlobalSection
EndGlobal
